{
	"name": "@asukatestpro/pkg3",
	"version": "1.0.7",
	"lockfileVersion": 1,
	"requires": true,
	"dependencies": {
		"asukatestpropkg1": {
			"version": "1.0.6",
			"resolved": "https://registry.npmjs.org/asukatestpropkg1/-/asukatestpropkg1-1.0.6.tgz",
			"integrity": "sha512-F6DUhrDr20pg7PhLDGoDTrYkoPATfp1JwS/N6FhvOhilxSnzTLHJq32ov4Bpv9BaTSYrlBgaU23Eg+eOiKAJRg==",
			"requires": {
				"lodash": "^4.17.20"
			}
		},
		"asukatestpropkg2": {
			"version": "1.0.7",
			"resolved": "https://registry.npmjs.org/asukatestpropkg2/-/asukatestpropkg2-1.0.7.tgz",
			"integrity": "sha512-WruVmtDDTv4XEs2zCxnKjkNtoa2eLuudJEhYwjjPCOPHk3x6snMvrIRJOsVIUdjQkCzWtApKFmUqrIFNdIVL4g==",
			"requires": {
				"asukatestpropkg1": "^1.0.6",
				"lodash": "^4.17.20"
			}
		},
		"lodash": {
			"version": "4.17.21",
			"resolved": "https://registry.npmjs.org/lodash/-/lodash-4.17.21.tgz",
			"integrity": "sha512-v2kDEe57lecTulaDIuNTPy3Ry4gLGJ6Z1O3vE1krgXZNrsQ+LFTGHVxVjcXPs17LhbZVGedAJv8XZ1tvj5FvSg=="
		}
	}
}
